
Microsoft Visual Studio Solution File, Format Version 12.00
# Visual Studio 15
VisualStudioVersion = 15.0.28010.2016
MinimumVisualStudioVersion = 10.0.40219.1
Project("{2150E333-8FDC-42A3-9474-1A3956D46DE8}") = "SameDomain", "SameDomain", "{67EC48F3-1646-4849-B9A6-ABB422694E29}"
EndProject
Project("{2150E333-8FDC-42A3-9474-1A3956D46DE8}") = "CrossDomain", "CrossDomain", "{33DB2D58-33A2-4743-B8A2-284D7735D569}"
EndProject
Project("{9A19103F-16F7-4668-BE54-9A1E7A4F7556}") = "SSO", "CrossDomain\SSO\SSO.csproj", "{EBEA8C01-449A-4481-8ED6-78A009C8B7EF}"
EndProject
Project("{9A19103F-16F7-4668-BE54-9A1E7A4F7556}") = "Web1", "CrossDomain\Web1\Web1.csproj", "{EDE54706-56D4-4653-A40D-2118A98FB103}"
EndProject
Project("{9A19103F-16F7-4668-BE54-9A1E7A4F7556}") = "SSO", "SameDomain\SSO\SSO.csproj", "{BB7CBEC5-955D-45D5-9E11-79C70C8E75FE}"
EndProject
Project("{9A19103F-16F7-4668-BE54-9A1E7A4F7556}") = "Web1", "SameDomain\Web1\Web1.csproj", "{946B54EA-8160-4ED3-8632-CE451C297BDE}"
EndProject
Global
	GlobalSection(SolutionConfigurationPlatforms) = preSolution
		Debug|Any CPU = Debug|Any CPU
		Release|Any CPU = Release|Any CPU
	EndGlobalSection
	GlobalSection(ProjectConfigurationPlatforms) = postSolution
		{EBEA8C01-449A-4481-8ED6-78A009C8B7EF}.Debug|Any CPU.ActiveCfg = Debug|Any CPU
		{EBEA8C01-449A-4481-8ED6-78A009C8B7EF}.Debug|Any CPU.Build.0 = Debug|Any CPU
		{EBEA8C01-449A-4481-8ED6-78A009C8B7EF}.Release|Any CPU.ActiveCfg = Release|Any CPU
		{EBEA8C01-449A-4481-8ED6-78A009C8B7EF}.Release|Any CPU.Build.0 = Release|Any CPU
		{EDE54706-56D4-4653-A40D-2118A98FB103}.Debug|Any CPU.ActiveCfg = Debug|Any CPU
		{EDE54706-56D4-4653-A40D-2118A98FB103}.Debug|Any CPU.Build.0 = Debug|Any CPU
		{EDE54706-56D4-4653-A40D-2118A98FB103}.Release|Any CPU.ActiveCfg = Release|Any CPU
		{EDE54706-56D4-4653-A40D-2118A98FB103}.Release|Any CPU.Build.0 = Release|Any CPU
		{BB7CBEC5-955D-45D5-9E11-79C70C8E75FE}.Debug|Any CPU.ActiveCfg = Debug|Any CPU
		{BB7CBEC5-955D-45D5-9E11-79C70C8E75FE}.Debug|Any CPU.Build.0 = Debug|Any CPU
		{BB7CBEC5-955D-45D5-9E11-79C70C8E75FE}.Release|Any CPU.ActiveCfg = Release|Any CPU
		{BB7CBEC5-955D-45D5-9E11-79C70C8E75FE}.Release|Any CPU.Build.0 = Release|Any CPU
		{946B54EA-8160-4ED3-8632-CE451C297BDE}.Debug|Any CPU.ActiveCfg = Debug|Any CPU
		{946B54EA-8160-4ED3-8632-CE451C297BDE}.Debug|Any CPU.Build.0 = Debug|Any CPU
		{946B54EA-8160-4ED3-8632-CE451C297BDE}.Release|Any CPU.ActiveCfg = Release|Any CPU
		{946B54EA-8160-4ED3-8632-CE451C297BDE}.Release|Any CPU.Build.0 = Release|Any CPU
	EndGlobalSection
	GlobalSection(SolutionProperties) = preSolution
		HideSolutionNode = FALSE
	EndGlobalSection
	GlobalSection(NestedProjects) = preSolution
		{EBEA8C01-449A-4481-8ED6-78A009C8B7EF} = {33DB2D58-33A2-4743-B8A2-284D7735D569}
		{EDE54706-56D4-4653-A40D-2118A98FB103} = {33DB2D58-33A2-4743-B8A2-284D7735D569}
		{BB7CBEC5-955D-45D5-9E11-79C70C8E75FE} = {67EC48F3-1646-4849-B9A6-ABB422694E29}
		{946B54EA-8160-4ED3-8632-CE451C297BDE} = {67EC48F3-1646-4849-B9A6-ABB422694E29}
	EndGlobalSection
	GlobalSection(ExtensibilityGlobals) = postSolution
		SolutionGuid = {1709816E-F291-494F-8471-6E9D5E4C683B}
	EndGlobalSection
EndGlobal
